
Microsoft Visual Studio Solution File, Format Version 12.00
# Visual Studio Version 17
VisualStudioVersion = 17.5.33530.505
MinimumVisualStudioVersion = 10.0.40219.1
Project("{9A19103F-16F7-4668-BE54-9A1E7A4F7556}") = "RfCommonLibrary", "RfCommonLibrary\RfCommonLibrary.csproj", "{6C441C4D-08CA-415D-8C0E-E9AD0EC1F5D9}"
EndProject
Project("{9A19103F-16F7-4668-BE54-9A1E7A4F7556}") = "RecipeAPI", "RecipeAPI\RecipeAPI.csproj", "{CF7C5E1A-1F8B-49B7-9162-0E600BAD9F62}"
EndProject
Project("{9A19103F-16F7-4668-BE54-9A1E7A4F7556}") = "RecipeApp", "RecipeApp\RecipeApp.csproj", "{C8CE6A9D-85FA-4CF1-8AFF-CB2C5C7B2B4A}"
EndProject
Project("{FAE04EC0-301F-11D3-BF4B-00C04F79EFBC}") = "ManagerApp", "ManagerApp\ManagerApp.csproj", "{4AA0B26D-960E-496F-95EF-8EB859B862DB}"
EndProject
Global
	GlobalSection(SolutionConfigurationPlatforms) = preSolution
		Debug|Any CPU = Debug|Any CPU
		Release|Any CPU = Release|Any CPU
	EndGlobalSection
	GlobalSection(ProjectConfigurationPlatforms) = postSolution
		{6C441C4D-08CA-415D-8C0E-E9AD0EC1F5D9}.Debug|Any CPU.ActiveCfg = Debug|Any CPU
		{6C441C4D-08CA-415D-8C0E-E9AD0EC1F5D9}.Debug|Any CPU.Build.0 = Debug|Any CPU
		{6C441C4D-08CA-415D-8C0E-E9AD0EC1F5D9}.Release|Any CPU.ActiveCfg = Release|Any CPU
		{6C441C4D-08CA-415D-8C0E-E9AD0EC1F5D9}.Release|Any CPU.Build.0 = Release|Any CPU
		{CF7C5E1A-1F8B-49B7-9162-0E600BAD9F62}.Debug|Any CPU.ActiveCfg = Debug|Any CPU
		{CF7C5E1A-1F8B-49B7-9162-0E600BAD9F62}.Debug|Any CPU.Build.0 = Debug|Any CPU
		{CF7C5E1A-1F8B-49B7-9162-0E600BAD9F62}.Release|Any CPU.ActiveCfg = Release|Any CPU
		{CF7C5E1A-1F8B-49B7-9162-0E600BAD9F62}.Release|Any CPU.Build.0 = Release|Any CPU
		{C8CE6A9D-85FA-4CF1-8AFF-CB2C5C7B2B4A}.Debug|Any CPU.ActiveCfg = Debug|Any CPU
		{C8CE6A9D-85FA-4CF1-8AFF-CB2C5C7B2B4A}.Debug|Any CPU.Build.0 = Debug|Any CPU
		{C8CE6A9D-85FA-4CF1-8AFF-CB2C5C7B2B4A}.Debug|Any CPU.Deploy.0 = Debug|Any CPU
		{C8CE6A9D-85FA-4CF1-8AFF-CB2C5C7B2B4A}.Release|Any CPU.ActiveCfg = Release|Any CPU
		{C8CE6A9D-85FA-4CF1-8AFF-CB2C5C7B2B4A}.Release|Any CPU.Build.0 = Release|Any CPU
		{C8CE6A9D-85FA-4CF1-8AFF-CB2C5C7B2B4A}.Release|Any CPU.Deploy.0 = Release|Any CPU
		{4AA0B26D-960E-496F-95EF-8EB859B862DB}.Debug|Any CPU.ActiveCfg = Debug|Any CPU
		{4AA0B26D-960E-496F-95EF-8EB859B862DB}.Debug|Any CPU.Build.0 = Debug|Any CPU
		{4AA0B26D-960E-496F-95EF-8EB859B862DB}.Release|Any CPU.ActiveCfg = Release|Any CPU
		{4AA0B26D-960E-496F-95EF-8EB859B862DB}.Release|Any CPU.Build.0 = Release|Any CPU
	EndGlobalSection
	GlobalSection(SolutionProperties) = preSolution
		HideSolutionNode = FALSE
	EndGlobalSection
	GlobalSection(ExtensibilityGlobals) = postSolution
		SolutionGuid = {30F5C39E-5877-4F6F-9B55-11918A0AC13A}
	EndGlobalSection
EndGlobal
